// !$*UTF8*$!
{
	archiveVersion = 1;
	classes = {
	};
	objectVersion = 50;
	objects = {

/* Begin PBXBuildFile section */
		8E33D3582148CC6800C8BED9 /* AppDelegate.swift in Sources */ = {isa = PBXBuildFile; fileRef = 8E33D3572148CC6800C8BED9 /* AppDelegate.swift */; };
		8E33D35A2148CC6800C8BED9 /* CustomCellsViewController.swift in Sources */ = {isa = PBXBuildFile; fileRef = 8E33D3592148CC6800C8BED9 /* CustomCellsViewController.swift */; };
		8E33D35D2148CC6800C8BED9 /* Main.storyboard in Resources */ = {isa = PBXBuildFile; fileRef = 8E33D35B2148CC6800C8BED9 /* Main.storyboard */; };
		8E33D35F2148CC6800C8BED9 /* Assets.xcassets in Resources */ = {isa = PBXBuildFile; fileRef = 8E33D35E2148CC6800C8BED9 /* Assets.xcassets */; };
		8E33D3622148CC6800C8BED9 /* LaunchScreen.storyboard in Resources */ = {isa = PBXBuildFile; fileRef = 8E33D3602148CC6800C8BED9 /* LaunchScreen.storyboard */; };
		8E33D36D2148CC6900C8BED9 /* CustomCellTests.swift in Sources */ = {isa = PBXBuildFile; fileRef = 8E33D36C2148CC6900C8BED9 /* CustomCellTests.swift */; };
		8E33D3782148CC6900C8BED9 /* CustomCellUITests.swift in Sources */ = {isa = PBXBuildFile; fileRef = 8E33D3772148CC6900C8BED9 /* CustomCellUITests.swift */; };
		8E33D3862148CD3800C8BED9 /* CustomCell.swift in Sources */ = {isa = PBXBuildFile; fileRef = 8E33D3852148CD3800C8BED9 /* CustomCell.swift */; };
/* End PBXBuildFile section */

/* Begin PBXContainerItemProxy section */
		8E33D3692148CC6900C8BED9 /* PBXContainerItemProxy */ = {
			isa = PBXContainerItemProxy;
			containerPortal = 8E33D34C2148CC6800C8BED9 /* Project object */;
			proxyType = 1;
			remoteGlobalIDString = 8E33D3532148CC6800C8BED9;
			remoteInfo = CustomCell;
		};
		8E33D3742148CC6900C8BED9 /* PBXContainerItemProxy */ = {
			isa = PBXContainerItemProxy;
			containerPortal = 8E33D34C2148CC6800C8BED9 /* Project object */;
			proxyType = 1;
			remoteGlobalIDString = 8E33D3532148CC6800C8BED9;
			remoteInfo = CustomCell;
		};
/* End PBXContainerItemProxy section */

/* Begin PBXFileReference section */
		8E33D3542148CC6800C8BED9 /* CustomCell.app */ = {isa = PBXFileReference; explicitFileType = wrapper.application; includeInIndex = 0; path = CustomCell.app; sourceTree = BUILT_PRODUCTS_DIR; };
		8E33D3572148CC6800C8BED9 /* AppDelegate.swift */ = {isa = PBXFileReference; lastKnownFileType = sourcecode.swift; path = AppDelegate.swift; sourceTree = "<group>"; };
		8E33D3592148CC6800C8BED9 /* CustomCellsViewController.swift */ = {isa = PBXFileReference; lastKnownFileType = sourcecode.swift; path = CustomCellsViewController.swift; sourceTree = "<group>"; };
		8E33D35C2148CC6800C8BED9 /* Base */ = {isa = PBXFileReference; lastKnownFileType = file.storyboard; name = Base; path = Base.lproj/Main.storyboard; sourceTree = "<group>"; };
		8E33D35E2148CC6800C8BED9 /* Assets.xcassets */ = {isa = PBXFileReference; lastKnownFileType = folder.assetcatalog; path = Assets.xcassets; sourceTree = "<group>"; };
		8E33D3612148CC6800C8BED9 /* Base */ = {isa = PBXFileReference; lastKnownFileType = file.storyboard; name = Base; path = Base.lproj/LaunchScreen.storyboard; sourceTree = "<group>"; };
		8E33D3632148CC6800C8BED9 /* Info.plist */ = {isa = PBXFileReference; lastKnownFileType = text.plist.xml; path = Info.plist; sourceTree = "<group>"; };
		8E33D3682148CC6900C8BED9 /* CustomCellTests.xctest */ = {isa = PBXFileReference; explicitFileType = wrapper.cfbundle; includeInIndex = 0; path = CustomCellTests.xctest; sourceTree = BUILT_PRODUCTS_DIR; };
		8E33D36C2148CC6900C8BED9 /* CustomCellTests.swift */ = {isa = PBXFileReference; lastKnownFileType = sourcecode.swift; path = CustomCellTests.swift; sourceTree = "<group>"; };
		8E33D36E2148CC6900C8BED9 /* Info.plist */ = {isa = PBXFileReference; lastKnownFileType = text.plist.xml; path = Info.plist; sourceTree = "<group>"; };
		8E33D3732148CC6900C8BED9 /* CustomCellUITests.xctest */ = {isa = PBXFileReference; explicitFileType = wrapper.cfbundle; includeInIndex = 0; path = CustomCellUITests.xctest; sourceTree = BUILT_PRODUCTS_DIR; };
		8E33D3772148CC6900C8BED9 /* CustomCellUITests.swift */ = {isa = PBXFileReference; lastKnownFileType = sourcecode.swift; path = CustomCellUITests.swift; sourceTree = "<group>"; };
		8E33D3792148CC6900C8BED9 /* Info.plist */ = {isa = PBXFileReference; lastKnownFileType = text.plist.xml; path = Info.plist; sourceTree = "<group>"; };
		8E33D3852148CD3800C8BED9 /* CustomCell.swift */ = {isa = PBXFileReference; lastKnownFileType = sourcecode.swift; path = CustomCell.swift; sourceTree = "<group>"; };
/* End PBXFileReference section */

/* Begin PBXFrameworksBuildPhase section */
		8E33D3512148CC6800C8BED9 /* Frameworks */ = {
			isa = PBXFrameworksBuildPhase;
			buildActionMask = 2147483647;
			files = (
			);
			runOnlyForDeploymentPostprocessing = 0;
		};
		8E33D3652148CC6900C8BED9 /* Frameworks */ = {
			isa = PBXFrameworksBuildPhase;
			buildActionMask = 2147483647;
			files = (
			);
			runOnlyForDeploymentPostprocessing = 0;
		};
		8E33D3702148CC6900C8BED9 /* Frameworks */ = {
			isa = PBXFrameworksBuildPhase;
			buildActionMask = 2147483647;
			files = (
			);
			runOnlyForDeploymentPostprocessing = 0;
		};
/* End PBXFrameworksBuildPhase section */

/* Begin PBXGroup section */
		8E33D34B2148CC6800C8BED9 = {
			isa = PBXGroup;
			children = (
				8E33D3562148CC6800C8BED9 /* CustomCell */,
				8E33D36B2148CC6900C8BED9 /* CustomCellTests */,
				8E33D3762148CC6900C8BED9 /* CustomCellUITests */,
				8E33D3552148CC6800C8BED9 /* Products */,
			);
			sourceTree = "<group>";
		};
		8E33D3552148CC6800C8BED9 /* Products */ = {
			isa = PBXGroup;
			children = (
				8E33D3542148CC6800C8BED9 /* CustomCell.app */,
				8E33D3682148CC6900C8BED9 /* CustomCellTests.xctest */,
				8E33D3732148CC6900C8BED9 /* CustomCellUITests.xctest */,
			);
			name = Products;
			sourceTree = "<group>";
		};
		8E33D3562148CC6800C8BED9 /* CustomCell */ = {
			isa = PBXGroup;
			children = (
				8E33D3572148CC6800C8BED9 /* AppDelegate.swift */,
				8E33D3592148CC6800C8BED9 /* CustomCellsViewController.swift */,
				8E33D35B2148CC6800C8BED9 /* Main.storyboard */,
				8E33D3852148CD3800C8BED9 /* CustomCell.swift */,
				8E33D35E2148CC6800C8BED9 /* Assets.xcassets */,
				8E33D3602148CC6800C8BED9 /* LaunchScreen.storyboard */,
				8E33D3632148CC6800C8BED9 /* Info.plist */,
			);
			path = CustomCell;
			sourceTree = "<group>";
		};
		8E33D36B2148CC6900C8BED9 /* CustomCellTests */ = {
			isa = PBXGroup;
			children = (
				8E33D36C2148CC6900C8BED9 /* CustomCellTests.swift */,
				8E33D36E2148CC6900C8BED9 /* Info.plist */,
			);
			path = CustomCellTests;
			sourceTree = "<group>";
		};
		8E33D3762148CC6900C8BED9 /* CustomCellUITests */ = {
			isa = PBXGroup;
			children = (
				8E33D3772148CC6900C8BED9 /* CustomCellUITests.swift */,
				8E33D3792148CC6900C8BED9 /* Info.plist */,
			);
			path = CustomCellUITests;
			sourceTree = "<group>";
		};
/* End PBXGroup section */

/* Begin PBXNativeTarget section */
		8E33D3532148CC6800C8BED9 /* CustomCell */ = {
			isa = PBXNativeTarget;
			buildConfigurationList = 8E33D37C2148CC6900C8BED9 /* Build configuration list for PBXNativeTarget "CustomCell" */;
			buildPhases = (
				8E33D3502148CC6800C8BED9 /* Sources */,
				8E33D3512148CC6800C8BED9 /* Frameworks */,
				8E33D3522148CC6800C8BED9 /* Resources */,
			);
			buildRules = (
			);
			dependencies = (
			);
			name = CustomCell;
			productName = CustomCell;
			productReference = 8E33D3542148CC6800C8BED9 /* CustomCell.app */;
			productType = "com.apple.product-type.application";
		};
		8E33D3672148CC6900C8BED9 /* CustomCellTests */ = {
			isa = PBXNativeTarget;
			buildConfigurationList = 8E33D37F2148CC6900C8BED9 /* Build configuration list for PBXNativeTarget "CustomCellTests" */;
			buildPhases = (
				8E33D3642148CC6900C8BED9 /* Sources */,
				8E33D3652148CC6900C8BED9 /* Frameworks */,
				8E33D3662148CC6900C8BED9 /* Resources */,
			);
			buildRules = (
			);
			dependencies = (
				8E33D36A2148CC6900C8BED9 /* PBXTargetDependency */,
			);
			name = CustomCellTests;
			productName = CustomCellTests;
			productReference = 8E33D3682148CC6900C8BED9 /* CustomCellTests.xctest */;
			productType = "com.apple.product-type.bundle.unit-test";
		};
		8E33D3722148CC6900C8BED9 /* CustomCellUITests */ = {
			isa = PBXNativeTarget;
			buildConfigurationList = 8E33D3822148CC6900C8BED9 /* Build configuration list for PBXNativeTarget "CustomCellUITests" */;
			buildPhases = (
				8E33D36F2148CC6900C8BED9 /* Sources */,
				8E33D3702148CC6900C8BED9 /* Frameworks */,
				8E33D3712148CC6900C8BED9 /* Resources */,
			);
			buildRules = (
			);
			dependencies = (
				8E33D3752148CC6900C8BED9 /* PBXTargetDependency */,
			);
			name = CustomCellUITests;
			productName = CustomCellUITests;
			productReference = 8E33D3732148CC6900C8BED9 /* CustomCellUITests.xctest */;
			productType = "com.apple.product-type.bundle.ui-testing";
		};
/* End PBXNativeTarget section */

/* Begin PBXProject section */
		8E33D34C2148CC6800C8BED9 /* Project object */ = {
			isa = PBXProject;
			attributes = {
				LastSwiftUpdateCheck = 0940;
				LastUpgradeCheck = 0940;
				ORGANIZATIONNAME = "Neil Sood";
				TargetAttributes = {
					8E33D3532148CC6800C8BED9 = {
						CreatedOnToolsVersion = 9.4.1;
					};
					8E33D3672148CC6900C8BED9 = {
						CreatedOnToolsVersion = 9.4.1;
						TestTargetID = 8E33D3532148CC6800C8BED9;
					};
					8E33D3722148CC6900C8BED9 = {
						CreatedOnToolsVersion = 9.4.1;
						TestTargetID = 8E33D3532148CC6800C8BED9;
					};
				};
			};
			buildConfigurationList = 8E33D34F2148CC6800C8BED9 /* Build configuration list for PBXProject "CustomCell" */;
			compatibilityVersion = "Xcode 9.3";
			developmentRegion = en;
			hasScannedForEncodings = 0;
			knownRegions = (
				en,
				Base,
			);
			mainGroup = 8E33D34B2148CC6800C8BED9;
			productRefGroup = 8E33D3552148CC6800C8BED9 /* Products */;
			projectDirPath = "";
			projectRoot = "";
			targets = (
				8E33D3532148CC6800C8BED9 /* CustomCell */,
				8E33D3672148CC6900C8BED9 /* CustomCellTests */,
				8E33D3722148CC6900C8BED9 /* CustomCellUITests */,
			);
		};
/* End PBXProject section */

/* Begin PBXResourcesBuildPhase section */
		8E33D3522148CC6800C8BED9 /* Resources */ = {
			isa = PBXResourcesBuildPhase;
			buildActionMask = 2147483647;
			files = (
				8E33D3622148CC6800C8BED9 /* LaunchScreen.storyboard in Resources */,
				8E33D35F2148CC6800C8BED9 /* Assets.xcassets in Resources */,
				8E33D35D2148CC6800C8BED9 /* Main.storyboard in Resources */,
			);
			runOnlyForDeploymentPostprocessing = 0;
		};
		8E33D3662148CC6900C8BED9 /* Resources */ = {
			isa = PBXResourcesBuildPhase;
			buildActionMask = 2147483647;
			files = (
			);
			runOnlyForDeploymentPostprocessing = 0;
		};
		8E33D3712148CC6900C8BED9 /* Resources */ = {
			isa = PBXResourcesBuildPhase;
			buildActionMask = 2147483647;
			files = (
			);
			runOnlyForDeploymentPostprocessing = 0;
		};
/* End PBXResourcesBuildPhase section */

/* Begin PBXSourcesBuildPhase section */
		8E33D3502148CC6800C8BED9 /* Sources */ = {
			isa = PBXSourcesBuildPhase;
			buildActionMask = 2147483647;
			files = (
				8E33D35A2148CC6800C8BED9 /* CustomCellsViewController.swift in Sources */,
				8E33D3862148CD3800C8BED9 /* CustomCell.swift in Sources */,
				8E33D3582148CC6800C8BED9 /* AppDelegate.swift in Sources */,
			);
			runOnlyForDeploymentPostprocessing = 0;
		};
		8E33D3642148CC6900C8BED9 /* Sources */ = {
			isa = PBXSourcesBuildPhase;
			buildActionMask = 2147483647;
			files = (
				8E33D36D2148CC6900C8BED9 /* CustomCellTests.swift in Sources */,
			);
			runOnlyForDeploymentPostprocessing = 0;
		};
		8E33D36F2148CC6900C8BED9 /* Sources */ = {
			isa = PBXSourcesBuildPhase;
			buildActionMask = 2147483647;
			files = (
				8E33D3782148CC6900C8BED9 /* CustomCellUITests.swift in Sources */,
			);
			runOnlyForDeploymentPostprocessing = 0;
		};
/* End PBXSourcesBuildPhase section */

/* Begin PBXTargetDependency section */
		8E33D36A2148CC6900C8BED9 /* PBXTargetDependency */ = {
			isa = PBXTargetDependency;
			target = 8E33D3532148CC6800C8BED9 /* CustomCell */;
			targetProxy = 8E33D3692148CC6900C8BED9 /* PBXContainerItemProxy */;
		};
		8E33D3752148CC6900C8BED9 /* PBXTargetDependency */ = {
			isa = PBXTargetDependency;
			target = 8E33D3532148CC6800C8BED9 /* CustomCell */;
			targetProxy = 8E33D3742148CC6900C8BED9 /* PBXContainerItemProxy */;
		};
/* End PBXTargetDependency section */

/* Begin PBXVariantGroup section */
		8E33D35B2148CC6800C8BED9 /* Main.storyboard */ = {
			isa = PBXVariantGroup;
			children = (
				8E33D35C2148CC6800C8BED9 /* Base */,
			);
			name = Main.storyboard;
			sourceTree = "<group>";
		};
		8E33D3602148CC6800C8BED9 /* LaunchScreen.storyboard */ = {
			isa = PBXVariantGroup;
			children = (
				8E33D3612148CC6800C8BED9 /* Base */,
			);
			name = LaunchScreen.storyboard;
			sourceTree = "<group>";
		};
/* End PBXVariantGroup section */

/* Begin XCBuildConfiguration section */
		8E33D37A2148CC6900C8BED9 /* Debug */ = {
			isa = XCBuildConfiguration;
			buildSettings = {
				ALWAYS_SEARCH_USER_PATHS = NO;
				CLANG_ANALYZER_NONNULL = YES;
				CLANG_ANALYZER_NUMBER_OBJECT_CONVERSION = YES_AGGRESSIVE;
				CLANG_CXX_LANGUAGE_STANDARD = "gnu++14";
				CLANG_CXX_LIBRARY = "libc++";
				CLANG_ENABLE_MODULES = YES;
				CLANG_ENABLE_OBJC_ARC = YES;
				CLANG_ENABLE_OBJC_WEAK = YES;
				CLANG_WARN_BLOCK_CAPTURE_AUTORELEASING = YES;
				CLANG_WARN_BOOL_CONVERSION = YES;
				CLANG_WARN_COMMA = YES;
				CLANG_WARN_CONSTANT_CONVERSION = YES;
				CLANG_WARN_DEPRECATED_OBJC_IMPLEMENTATIONS = YES;
				CLANG_WARN_DIRECT_OBJC_ISA_USAGE = YES_ERROR;
				CLANG_WARN_DOCUMENTATION_COMMENTS = YES;
				CLANG_WARN_EMPTY_BODY = YES;
				CLANG_WARN_ENUM_CONVERSION = YES;
				CLANG_WARN_INFINITE_RECURSION = YES;
				CLANG_WARN_INT_CONVERSION = YES;
				CLANG_WARN_NON_LITERAL_NULL_CONVERSION = YES;
				CLANG_WARN_OBJC_IMPLICIT_RETAIN_SELF = YES;
				CLANG_WARN_OBJC_LITERAL_CONVERSION = YES;
				CLANG_WARN_OBJC_ROOT_CLASS = YES_ERROR;
				CLANG_WARN_RANGE_LOOP_ANALYSIS = YES;
				CLANG_WARN_STRICT_PROTOTYPES = YES;
				CLANG_WARN_SUSPICIOUS_MOVE = YES;
				CLANG_WARN_UNGUARDED_AVAILABILITY = YES_AGGRESSIVE;
				CLANG_WARN_UNREACHABLE_CODE = YES;
				CLANG_WARN__DUPLICATE_METHOD_MATCH = YES;
				CODE_SIGN_IDENTITY = "iPhone Developer";
				COPY_PHASE_STRIP = NO;
				DEBUG_INFORMATION_FORMAT = dwarf;
				ENABLE_STRICT_OBJC_MSGSEND = YES;
				ENABLE_TESTABILITY = YES;
				GCC_C_LANGUAGE_STANDARD = gnu11;
				GCC_DYNAMIC_NO_PIC = NO;
				GCC_NO_COMMON_BLOCKS = YES;
				GCC_OPTIMIZATION_LEVEL = 0;
				GCC_PREPROCESSOR_DEFINITIONS = (
					"DEBUG=1",
					"$(inherited)",
				);
				GCC_WARN_64_TO_32_BIT_CONVERSION = YES;
				GCC_WARN_ABOUT_RETURN_TYPE = YES_ERROR;
				GCC_WARN_UNDECLARED_SELECTOR = YES;
				GCC_WARN_UNINITIALIZED_AUTOS = YES_AGGRESSIVE;
				GCC_WARN_UNUSED_FUNCTION = YES;
				GCC_WARN_UNUSED_VARIABLE = YES;
				IPHONEOS_DEPLOYMENT_TARGET = 11.4;
				MTL_ENABLE_DEBUG_INFO = YES;
				ONLY_ACTIVE_ARCH = YES;
				SDKROOT = iphoneos;
				SWIFT_ACTIVE_COMPILATION_CONDITIONS = DEBUG;
				SWIFT_OPTIMIZATION_LEVEL = "-Onone";
			};
			name = Debug;
		};
		8E33D37B2148CC6900C8BED9 /* Release */ = {
			isa = XCBuildConfiguration;
			buildSettings = {
				ALWAYS_SEARCH_USER_PATHS = NO;
				CLANG_ANALYZER_NONNULL = YES;
				CLANG_ANALYZER_NUMBER_OBJECT_CONVERSION = YES_AGGRESSIVE;
				CLANG_CXX_LANGUAGE_STANDARD = "gnu++14";
				CLANG_CXX_LIBRARY = "libc++";
				CLANG_ENABLE_MODULES = YES;
				CLANG_ENABLE_OBJC_ARC = YES;
				CLANG_ENABLE_OBJC_WEAK = YES;
				CLANG_WARN_BLOCK_CAPTURE_AUTORELEASING = YES;
				CLANG_WARN_BOOL_CONVERSION = YES;
				CLANG_WARN_COMMA = YES;
				CLANG_WARN_CONSTANT_CONVERSION = YES;
				CLANG_WARN_DEPRECATED_OBJC_IMPLEMENTATIONS = YES;
				CLANG_WARN_DIRECT_OBJC_ISA_USAGE = YES_ERROR;
				CLANG_WARN_DOCUMENTATION_COMMENTS = YES;
				CLANG_WARN_EMPTY_BODY = YES;
				CLANG_WARN_ENUM_CONVERSION = YES;
				CLANG_WARN_INFINITE_RECURSION = YES;
				CLANG_WARN_INT_CONVERSION = YES;
				CLANG_WARN_NON_LITERAL_NULL_CONVERSION = YES;
				CLANG_WARN_OBJC_IMPLICIT_RETAIN_SELF = YES;
				CLANG_WARN_OBJC_LITERAL_CONVERSION = YES;
				CLANG_WARN_OBJC_ROOT_CLASS = YES_ERROR;
				CLANG_WARN_RANGE_LOOP_ANALYSIS = YES;
				CLANG_WARN_STRICT_PROTOTYPES = YES;
				CLANG_WARN_SUSPICIOUS_MOVE = YES;
				CLANG_WARN_UNGUARDED_AVAILABILITY = YES_AGGRESSIVE;
				CLANG_WARN_UNREACHABLE_CODE = YES;
				CLANG_WARN__DUPLICATE_METHOD_MATCH = YES;
				CODE_SIGN_IDENTITY = "iPhone Developer";
				COPY_PHASE_STRIP = NO;
				DEBUG_INFORMATION_FORMAT = "dwarf-with-dsym";
				ENABLE_NS_ASSERTIONS = NO;
				ENABLE_STRICT_OBJC_MSGSEND = YES;
				GCC_C_LANGUAGE_STANDARD = gnu11;
				GCC_NO_COMMON_BLOCKS = YES;
				GCC_WARN_64_TO_32_BIT_CONVERSION = YES;
				GCC_WARN_ABOUT_RETURN_TYPE = YES_ERROR;
				GCC_WARN_UNDECLARED_SELECTOR = YES;
				GCC_WARN_UNINITIALIZED_AUTOS = YES_AGGRESSIVE;
				GCC_WARN_UNUSED_FUNCTION = YES;
				GCC_WARN_UNUSED_VARIABLE = YES;
				IPHONEOS_DEPLOYMENT_TARGET = 11.4;
				MTL_ENABLE_DEBUG_INFO = NO;
				SDKROOT = iphoneos;
				SWIFT_COMPILATION_MODE = wholemodule;
				SWIFT_OPTIMIZATION_LEVEL = "-O";
				VALIDATE_PRODUCT = YES;
			};
			name = Release;
		};
		8E33D37D2148CC6900C8BED9 /* Debug */ = {
			isa = XCBuildConfiguration;
			buildSettings = {
				ASSETCATALOG_COMPILER_APPICON_NAME = AppIcon;
				CODE_SIGN_STYLE = Automatic;
				DEVELOPMENT_TEAM = W62H62SG9Z;
				INFOPLIST_FILE = CustomCell/Info.plist;
				LD_RUNPATH_SEARCH_PATHS = (
					"$(inherited)",
					"@executable_path/Frameworks",
				);
				PRODUCT_BUNDLE_IDENTIFIER = com.neilsood.CustomCell;
				PRODUCT_NAME = "$(TARGET_NAME)";
				SWIFT_VERSION = 4.0;
				TARGETED_DEVICE_FAMILY = "1,2";
			};
			name = Debug;
		};
		8E33D37E2148CC6900C8BED9 /* Release */ = {
			isa = XCBuildConfiguration;
			buildSettings = {
				ASSETCATALOG_COMPILER_APPICON_NAME = AppIcon;
				CODE_SIGN_STYLE = Automatic;
				DEVELOPMENT_TEAM = W62H62SG9Z;
				INFOPLIST_FILE = CustomCell/Info.plist;
				LD_RUNPATH_SEARCH_PATHS = (
					"$(inherited)",
					"@executable_path/Frameworks",
				);
				PRODUCT_BUNDLE_IDENTIFIER = com.neilsood.CustomCell;
				PRODUCT_NAME = "$(TARGET_NAME)";
				SWIFT_VERSION = 4.0;
				TARGETED_DEVICE_FAMILY = "1,2";
			};
			name = Release;
		};
		8E33D3802148CC6900C8BED9 /* Debug */ = {
			isa = XCBuildConfiguration;
			buildSettings = {
				ALWAYS_EMBED_SWIFT_STANDARD_LIBRARIES = YES;
				BUNDLE_LOADER = "$(TEST_HOST)";
				CODE_SIGN_STYLE = Automatic;
				DEVELOPMENT_TEAM = W62H62SG9Z;
				INFOPLIST_FILE = CustomCellTests/Info.plist;
				LD_RUNPATH_SEARCH_PATHS = (
					"$(inherited)",
					"@executable_path/Frameworks",
					"@loader_path/Frameworks",
				);
				PRODUCT_BUNDLE_IDENTIFIER = com.neilsood.CustomCellTests;
				PRODUCT_NAME = "$(TARGET_NAME)";
				SWIFT_VERSION = 4.0;
				TARGETED_DEVICE_FAMILY = "1,2";
				TEST_HOST = "$(BUILT_PRODUCTS_DIR)/CustomCell.app/CustomCell";
			};
			name = Debug;
		};
		8E33D3812148CC6900C8BED9 /* Release */ = {
			isa = XCBuildConfiguration;
			buildSettings = {
				ALWAYS_EMBED_SWIFT_STANDARD_LIBRARIES = YES;
				BUNDLE_LOADER = "$(TEST_HOST)";
				CODE_SIGN_STYLE = Automatic;
				DEVELOPMENT_TEAM = W62H62SG9Z;
				INFOPLIST_FILE = CustomCellTests/Info.plist;
				LD_RUNPATH_SEARCH_PATHS = (
					"$(inherited)",
					"@executable_path/Frameworks",
					"@loader_path/Frameworks",
				);
				PRODUCT_BUNDLE_IDENTIFIER = com.neilsood.CustomCellTests;
				PRODUCT_NAME = "$(TARGET_NAME)";
				SWIFT_VERSION = 4.0;
				TARGETED_DEVICE_FAMILY = "1,2";
				TEST_HOST = "$(BUILT_PRODUCTS_DIR)/CustomCell.app/CustomCell";
			};
			name = Release;
		};
		8E33D3832148CC6900C8BED9 /* Debug */ = {
			isa = XCBuildConfiguration;
			buildSettings = {
				ALWAYS_EMBED_SWIFT_STANDARD_LIBRARIES = YES;
				CODE_SIGN_STYLE = Automatic;
				DEVELOPMENT_TEAM = W62H62SG9Z;
				INFOPLIST_FILE = CustomCellUITests/Info.plist;
				LD_RUNPATH_SEARCH_PATHS = (
					"$(inherited)",
					"@executable_path/Frameworks",
					"@loader_path/Frameworks",
				);
				PRODUCT_BUNDLE_IDENTIFIER = com.neilsood.CustomCellUITests;
				PRODUCT_NAME = "$(TARGET_NAME)";
				SWIFT_VERSION = 4.0;
				TARGETED_DEVICE_FAMILY = "1,2";
				TEST_TARGET_NAME = CustomCell;
			};
			name = Debug;
		};
		8E33D3842148CC6900C8BED9 /* Release */ = {
			isa = XCBuildConfiguration;
			buildSettings = {
				ALWAYS_EMBED_SWIFT_STANDARD_LIBRARIES = YES;
				CODE_SIGN_STYLE = Automatic;
				DEVELOPMENT_TEAM = W62H62SG9Z;
				INFOPLIST_FILE = CustomCellUITests/Info.plist;
				LD_RUNPATH_SEARCH_PATHS = (
					"$(inherited)",
					"@executable_path/Frameworks",
					"@loader_path/Frameworks",
				);
				PRODUCT_BUNDLE_IDENTIFIER = com.neilsood.CustomCellUITests;
				PRODUCT_NAME = "$(TARGET_NAME)";
				SWIFT_VERSION = 4.0;
				TARGETED_DEVICE_FAMILY = "1,2";
				TEST_TARGET_NAME = CustomCell;
			};
			name = Release;
		};
/* End XCBuildConfiguration section */

/* Begin XCConfigurationList section */
		8E33D34F2148CC6800C8BED9 /* Build configuration list for PBXProject "CustomCell" */ = {
			isa = XCConfigurationList;
			buildConfigurations = (
				8E33D37A2148CC6900C8BED9 /* Debug */,
				8E33D37B2148CC6900C8BED9 /* Release */,
			);
			defaultConfigurationIsVisible = 0;
			defaultConfigurationName = Release;
		};
		8E33D37C2148CC6900C8BED9 /* Build configuration list for PBXNativeTarget "CustomCell" */ = {
			isa = XCConfigurationList;
			buildConfigurations = (
				8E33D37D2148CC6900C8BED9 /* Debug */,
				8E33D37E2148CC6900C8BED9 /* Release */,
			);
			defaultConfigurationIsVisible = 0;
			defaultConfigurationName = Release;
		};
		8E33D37F2148CC6900C8BED9 /* Build configuration list for PBXNativeTarget "CustomCellTests" */ = {
			isa = XCConfigurationList;
			buildConfigurations = (
				8E33D3802148CC6900C8BED9 /* Debug */,
				8E33D3812148CC6900C8BED9 /* Release */,
			);
			defaultConfigurationIsVisible = 0;
			defaultConfigurationName = Release;
		};
		8E33D3822148CC6900C8BED9 /* Build configuration list for PBXNativeTarget "CustomCellUITests" */ = {
			isa = XCConfigurationList;
			buildConfigurations = (
				8E33D3832148CC6900C8BED9 /* Debug */,
				8E33D3842148CC6900C8BED9 /* Release */,
			);
			defaultConfigurationIsVisible = 0;
			defaultConfigurationName = Release;
		};
/* End XCConfigurationList section */
	};
	rootObject = 8E33D34C2148CC6800C8BED9 /* Project object */;
}
